
Microsoft Visual Studio Solution File, Format Version 12.00
# Visual Studio Version 17
VisualStudioVersion = 17.8.34525.116
MinimumVisualStudioVersion = 10.0.40219.1
Project("{8BC9CEB8-8B4A-11D0-8D11-00A0C91BC942}") = "lab04_02", "lab04_02\lab04_02.vcxproj", "{96946A29-0575-405F-A906-2B49D5083B13}"
EndProject
Global
	GlobalSection(SolutionConfigurationPlatforms) = preSolution
		Debug|x64 = Debug|x64
		Debug|x86 = Debug|x86
		Release|x64 = Release|x64
		Release|x86 = Release|x86
	EndGlobalSection
	GlobalSection(ProjectConfigurationPlatforms) = postSolution
		{96946A29-0575-405F-A906-2B49D5083B13}.Debug|x64.ActiveCfg = Debug|x64
		{96946A29-0575-405F-A906-2B49D5083B13}.Debug|x64.Build.0 = Debug|x64
		{96946A29-0575-405F-A906-2B49D5083B13}.Debug|x86.ActiveCfg = Debug|Win32
		{96946A29-0575-405F-A906-2B49D5083B13}.Debug|x86.Build.0 = Debug|Win32
		{96946A29-0575-405F-A906-2B49D5083B13}.Release|x64.ActiveCfg = Release|x64
		{96946A29-0575-405F-A906-2B49D5083B13}.Release|x64.Build.0 = Release|x64
		{96946A29-0575-405F-A906-2B49D5083B13}.Release|x86.ActiveCfg = Release|Win32
		{96946A29-0575-405F-A906-2B49D5083B13}.Release|x86.Build.0 = Release|Win32
	EndGlobalSection
	GlobalSection(SolutionProperties) = preSolution
		HideSolutionNode = FALSE
	EndGlobalSection
	GlobalSection(ExtensibilityGlobals) = postSolution
		SolutionGuid = {26469A6D-08F7-4EA5-A7B9-D2B1FFA60E81}
	EndGlobalSection
EndGlobal
