
Microsoft Visual Studio Solution File, Format Version 12.00
# Visual Studio Version 17
VisualStudioVersion = 17.8.34316.72
MinimumVisualStudioVersion = 10.0.40219.1
Project("{8BC9CEB8-8B4A-11D0-8D11-00A0C91BC942}") = "lab01", "lab01\lab01.vcxproj", "{0D071AF7-050D-4B1A-8F85-C8C30F56E653}"
EndProject
Global
	GlobalSection(SolutionConfigurationPlatforms) = preSolution
		Debug|x64 = Debug|x64
		Debug|x86 = Debug|x86
		Release|x64 = Release|x64
		Release|x86 = Release|x86
	EndGlobalSection
	GlobalSection(ProjectConfigurationPlatforms) = postSolution
		{0D071AF7-050D-4B1A-8F85-C8C30F56E653}.Debug|x64.ActiveCfg = Debug|x64
		{0D071AF7-050D-4B1A-8F85-C8C30F56E653}.Debug|x64.Build.0 = Debug|x64
		{0D071AF7-050D-4B1A-8F85-C8C30F56E653}.Debug|x86.ActiveCfg = Debug|Win32
		{0D071AF7-050D-4B1A-8F85-C8C30F56E653}.Debug|x86.Build.0 = Debug|Win32
		{0D071AF7-050D-4B1A-8F85-C8C30F56E653}.Release|x64.ActiveCfg = Release|x64
		{0D071AF7-050D-4B1A-8F85-C8C30F56E653}.Release|x64.Build.0 = Release|x64
		{0D071AF7-050D-4B1A-8F85-C8C30F56E653}.Release|x86.ActiveCfg = Release|Win32
		{0D071AF7-050D-4B1A-8F85-C8C30F56E653}.Release|x86.Build.0 = Release|Win32
	EndGlobalSection
	GlobalSection(SolutionProperties) = preSolution
		HideSolutionNode = FALSE
	EndGlobalSection
	GlobalSection(ExtensibilityGlobals) = postSolution
		SolutionGuid = {09A3EBFE-E4F6-4ED1-B919-5695401C9E26}
	EndGlobalSection
EndGlobal
